
Microsoft Visual Studio Solution File, Format Version 12.00
# Visual Studio 15
VisualStudioVersion = 15.0.28010.2036
MinimumVisualStudioVersion = 10.0.40219.1
Project("{FAE04EC0-301F-11D3-BF4B-00C04F79EFBC}") = "ROGuardCrawler", "ROGuardCrawler\ROGuardCrawler.csproj", "{FD812E95-7EBB-426F-8408-21742727A115}"
EndProject
Project("{FAE04EC0-301F-11D3-BF4B-00C04F79EFBC}") = "RunCrawler", "RunCrawler\RunCrawler.csproj", "{896A98C1-3979-47A8-A79C-C65037A2A474}"
EndProject
Global
	GlobalSection(SolutionConfigurationPlatforms) = preSolution
		Debug|Any CPU = Debug|Any CPU
		Release|Any CPU = Release|Any CPU
	EndGlobalSection
	GlobalSection(ProjectConfigurationPlatforms) = postSolution
		{FD812E95-7EBB-426F-8408-21742727A115}.Debug|Any CPU.ActiveCfg = Debug|Any CPU
		{FD812E95-7EBB-426F-8408-21742727A115}.Debug|Any CPU.Build.0 = Debug|Any CPU
		{FD812E95-7EBB-426F-8408-21742727A115}.Release|Any CPU.ActiveCfg = Release|Any CPU
		{FD812E95-7EBB-426F-8408-21742727A115}.Release|Any CPU.Build.0 = Release|Any CPU
		{896A98C1-3979-47A8-A79C-C65037A2A474}.Debug|Any CPU.ActiveCfg = Debug|Any CPU
		{896A98C1-3979-47A8-A79C-C65037A2A474}.Debug|Any CPU.Build.0 = Debug|Any CPU
		{896A98C1-3979-47A8-A79C-C65037A2A474}.Release|Any CPU.ActiveCfg = Release|Any CPU
		{896A98C1-3979-47A8-A79C-C65037A2A474}.Release|Any CPU.Build.0 = Release|Any CPU
	EndGlobalSection
	GlobalSection(SolutionProperties) = preSolution
		HideSolutionNode = FALSE
	EndGlobalSection
	GlobalSection(ExtensibilityGlobals) = postSolution
		SolutionGuid = {7E935D74-05BF-4F14-A1FB-84787BBB106F}
	EndGlobalSection
EndGlobal
